
Microsoft Visual Studio Solution File, Format Version 12.00
# Visual Studio Version 16
VisualStudioVersion = 16.0.30128.74
MinimumVisualStudioVersion = 10.0.40219.1
Project("{FAE04EC0-301F-11D3-BF4B-00C04F79EFBC}") = "BubbleSort", "BubbleSort\BubbleSort.csproj", "{21D4B1E6-E72D-416F-88CA-89944E11E11C}"
EndProject
Project("{FAE04EC0-301F-11D3-BF4B-00C04F79EFBC}") = "BubbleSort-Unittesting", "BubbleSort-Unittesting\BubbleSort-Unittesting.csproj", "{074984CF-948B-42A7-A7D2-573314E19815}"
EndProject
Global
	GlobalSection(SolutionConfigurationPlatforms) = preSolution
		Debug|Any CPU = Debug|Any CPU
		Release|Any CPU = Release|Any CPU
	EndGlobalSection
	GlobalSection(ProjectConfigurationPlatforms) = postSolution
		{21D4B1E6-E72D-416F-88CA-89944E11E11C}.Debug|Any CPU.ActiveCfg = Debug|Any CPU
		{21D4B1E6-E72D-416F-88CA-89944E11E11C}.Debug|Any CPU.Build.0 = Debug|Any CPU
		{21D4B1E6-E72D-416F-88CA-89944E11E11C}.Release|Any CPU.ActiveCfg = Release|Any CPU
		{21D4B1E6-E72D-416F-88CA-89944E11E11C}.Release|Any CPU.Build.0 = Release|Any CPU
		{074984CF-948B-42A7-A7D2-573314E19815}.Debug|Any CPU.ActiveCfg = Debug|Any CPU
		{074984CF-948B-42A7-A7D2-573314E19815}.Debug|Any CPU.Build.0 = Debug|Any CPU
		{074984CF-948B-42A7-A7D2-573314E19815}.Release|Any CPU.ActiveCfg = Release|Any CPU
		{074984CF-948B-42A7-A7D2-573314E19815}.Release|Any CPU.Build.0 = Release|Any CPU
	EndGlobalSection
	GlobalSection(SolutionProperties) = preSolution
		HideSolutionNode = FALSE
	EndGlobalSection
	GlobalSection(ExtensibilityGlobals) = postSolution
		SolutionGuid = {1CCEBC40-A4C9-470B-A746-54EABAEDBFD2}
	EndGlobalSection
EndGlobal
